PODS:
  - JoyConSwift (0.2.1)

DEPENDENCIES:
  - JoyConSwift (= 0.2.1)

SPEC REPOS:
  https://mirrors.tuna.tsinghua.edu.cn/git/CocoaPods/Specs.git:
    - JoyConSwift

SPEC CHECKSUMS:
  JoyConSwift: a8025cc234394cbc38fc1b48cfe1de8de6f66551

PODFILE CHECKSUM: 8642a17bea09b9e40e6eb026a2968999692c3bc5

COCOAPODS: 1.15.2
